{
  "name": "simple-css-rain-animation",
  "version": "1.0.0",
  "lockfileVersion": 1,
  "requires": true,
  "dependencies": {
    "gsap": {
      "version": "2.1.1",
      "resolved": "https://registry.npmjs.org/gsap/-/gsap-2.1.1.tgz",
      "integrity": "sha512-+K9n1IB3cHu6s3nSWfjBSpwYFo4OBzOswjtzMvLK2fBsfcOijTNQdJ5NxRIg5rNPjIexIUGZd4xFekHvS+3OZg=="
    }
  }
}
